// !$*UTF8*$!
{
	archiveVersion = 1;
	classes = {
	};
	objectVersion = 56;
	objects = {

/* Begin PBXBuildFile section */
		10EB44092CC04D520048B5C4 /* AppDelegate.swift in Sources */ = {isa = PBXBuildFile; fileRef = 10EB44082CC04D520048B5C4 /* AppDelegate.swift */; };
		10EB440B2CC04D520048B5C4 /* SceneDelegate.swift in Sources */ = {isa = PBXBuildFile; fileRef = 10EB440A2CC04D520048B5C4 /* SceneDelegate.swift */; };
		10EB440D2CC04D520048B5C4 /* ViewController.swift in Sources */ = {isa = PBXBuildFile; fileRef = 10EB440C2CC04D520048B5C4 /* ViewController.swift */; };
		10EB44102CC04D520048B5C4 /* Main.storyboard in Resources */ = {isa = PBXBuildFile; fileRef = 10EB440E2CC04D520048B5C4 /* Main.storyboard */; };
		10EB44122CC04D530048B5C4 /* Assets.xcassets in Resources */ = {isa = PBXBuildFile; fileRef = 10EB44112CC04D530048B5C4 /* Assets.xcassets */; };
		10EB44152CC04D530048B5C4 /* LaunchScreen.storyboard in Resources */ = {isa = PBXBuildFile; fileRef = 10EB44132CC04D530048B5C4 /* LaunchScreen.storyboard */; };
		10EB44202CC04D530048B5C4 /* chapter12ExercisesTests.swift in Sources */ = {isa = PBXBuildFile; fileRef = 10EB441F2CC04D530048B5C4 /* chapter12ExercisesTests.swift */; };
		10EB442A2CC04D530048B5C4 /* chapter12ExercisesUITests.swift in Sources */ = {isa = PBXBuildFile; fileRef = 10EB44292CC04D530048B5C4 /* chapter12ExercisesUITests.swift */; };
		10EB442C2CC04D530048B5C4 /* chapter12ExercisesUITestsLaunchTests.swift in Sources */ = {isa = PBXBuildFile; fileRef = 10EB442B2CC04D530048B5C4 /* chapter12ExercisesUITestsLaunchTests.swift */; };
/* End PBXBuildFile section */

/* Begin PBXContainerItemProxy section */
		10EB441C2CC04D530048B5C4 /* PBXContainerItemProxy */ = {
			isa = PBXContainerItemProxy;
			containerPortal = 10EB43FD2CC04D520048B5C4 /* Project object */;
			proxyType = 1;
			remoteGlobalIDString = 10EB44042CC04D520048B5C4;
			remoteInfo = chapter12Exercises;
		};
		10EB44262CC04D530048B5C4 /* PBXContainerItemProxy */ = {
			isa = PBXContainerItemProxy;
			containerPortal = 10EB43FD2CC04D520048B5C4 /* Project object */;
			proxyType = 1;
			remoteGlobalIDString = 10EB44042CC04D520048B5C4;
			remoteInfo = chapter12Exercises;
		};
/* End PBXContainerItemProxy section */

/* Begin PBXFileReference section */
		10EB44052CC04D520048B5C4 /* chapter12Exercises.app */ = {isa = PBXFileReference; explicitFileType = wrapper.application; includeInIndex = 0; path = chapter12Exercises.app; sourceTree = BUILT_PRODUCTS_DIR; };
		10EB44082CC04D520048B5C4 /* AppDelegate.swift */ = {isa = PBXFileReference; lastKnownFileType = sourcecode.swift; path = AppDelegate.swift; sourceTree = "<group>"; };
		10EB440A2CC04D520048B5C4 /* SceneDelegate.swift */ = {isa = PBXFileReference; lastKnownFileType = sourcecode.swift; path = SceneDelegate.swift; sourceTree = "<group>"; };
		10EB440C2CC04D520048B5C4 /* ViewController.swift */ = {isa = PBXFileReference; lastKnownFileType = sourcecode.swift; path = ViewController.swift; sourceTree = "<group>"; };
		10EB440F2CC04D520048B5C4 /* Base */ = {isa = PBXFileReference; lastKnownFileType = file.storyboard; name = Base; path = Base.lproj/Main.storyboard; sourceTree = "<group>"; };
		10EB44112CC04D530048B5C4 /* Assets.xcassets */ = {isa = PBXFileReference; lastKnownFileType = folder.assetcatalog; path = Assets.xcassets; sourceTree = "<group>"; };
		10EB44142CC04D530048B5C4 /* Base */ = {isa = PBXFileReference; lastKnownFileType = file.storyboard; name = Base; path = Base.lproj/LaunchScreen.storyboard; sourceTree = "<group>"; };
		10EB44162CC04D530048B5C4 /* Info.plist */ = {isa = PBXFileReference; lastKnownFileType = text.plist.xml; path = Info.plist; sourceTree = "<group>"; };
		10EB441B2CC04D530048B5C4 /* chapter12ExercisesTests.xctest */ = {isa = PBXFileReference; explicitFileType = wrapper.cfbundle; includeInIndex = 0; path = chapter12ExercisesTests.xctest; sourceTree = BUILT_PRODUCTS_DIR; };
		10EB441F2CC04D530048B5C4 /* chapter12ExercisesTests.swift */ = {isa = PBXFileReference; lastKnownFileType = sourcecode.swift; path = chapter12ExercisesTests.swift; sourceTree = "<group>"; };
		10EB44252CC04D530048B5C4 /* chapter12ExercisesUITests.xctest */ = {isa = PBXFileReference; explicitFileType = wrapper.cfbundle; includeInIndex = 0; path = chapter12ExercisesUITests.xctest; sourceTree = BUILT_PRODUCTS_DIR; };
		10EB44292CC04D530048B5C4 /* chapter12ExercisesUITests.swift */ = {isa = PBXFileReference; lastKnownFileType = sourcecode.swift; path = chapter12ExercisesUITests.swift; sourceTree = "<group>"; };
		10EB442B2CC04D530048B5C4 /* chapter12ExercisesUITestsLaunchTests.swift */ = {isa = PBXFileReference; lastKnownFileType = sourcecode.swift; path = chapter12ExercisesUITestsLaunchTests.swift; sourceTree = "<group>"; };
/* End PBXFileReference section */

/* Begin PBXFrameworksBuildPhase section */
		10EB44022CC04D520048B5C4 /* Frameworks */ = {
			isa = PBXFrameworksBuildPhase;
			buildActionMask = 2147483647;
			files = (
			);
			runOnlyForDeploymentPostprocessing = 0;
		};
		10EB44182CC04D530048B5C4 /* Frameworks */ = {
			isa = PBXFrameworksBuildPhase;
			buildActionMask = 2147483647;
			files = (
			);
			runOnlyForDeploymentPostprocessing = 0;
		};
		10EB44222CC04D530048B5C4 /* Frameworks */ = {
			isa = PBXFrameworksBuildPhase;
			buildActionMask = 2147483647;
			files = (
			);
			runOnlyForDeploymentPostprocessing = 0;
		};
/* End PBXFrameworksBuildPhase section */

/* Begin PBXGroup section */
		10EB43FC2CC04D520048B5C4 = {
			isa = PBXGroup;
			children = (
				10EB44072CC04D520048B5C4 /* chapter12Exercises */,
				10EB441E2CC04D530048B5C4 /* chapter12ExercisesTests */,
				10EB44282CC04D530048B5C4 /* chapter12ExercisesUITests */,
				10EB44062CC04D520048B5C4 /* Products */,
			);
			sourceTree = "<group>";
		};
		10EB44062CC04D520048B5C4 /* Products */ = {
			isa = PBXGroup;
			children = (
				10EB44052CC04D520048B5C4 /* chapter12Exercises.app */,
				10EB441B2CC04D530048B5C4 /* chapter12ExercisesTests.xctest */,
				10EB44252CC04D530048B5C4 /* chapter12ExercisesUITests.xctest */,
			);
			name = Products;
			sourceTree = "<group>";
		};
		10EB44072CC04D520048B5C4 /* chapter12Exercises */ = {
			isa = PBXGroup;
			children = (
				10EB44082CC04D520048B5C4 /* AppDelegate.swift */,
				10EB440A2CC04D520048B5C4 /* SceneDelegate.swift */,
				10EB440C2CC04D520048B5C4 /* ViewController.swift */,
				10EB440E2CC04D520048B5C4 /* Main.storyboard */,
				10EB44112CC04D530048B5C4 /* Assets.xcassets */,
				10EB44132CC04D530048B5C4 /* LaunchScreen.storyboard */,
				10EB44162CC04D530048B5C4 /* Info.plist */,
			);
			path = chapter12Exercises;
			sourceTree = "<group>";
		};
		10EB441E2CC04D530048B5C4 /* chapter12ExercisesTests */ = {
			isa = PBXGroup;
			children = (
				10EB441F2CC04D530048B5C4 /* chapter12ExercisesTests.swift */,
			);
			path = chapter12ExercisesTests;
			sourceTree = "<group>";
		};
		10EB44282CC04D530048B5C4 /* chapter12ExercisesUITests */ = {
			isa = PBXGroup;
			children = (
				10EB44292CC04D530048B5C4 /* chapter12ExercisesUITests.swift */,
				10EB442B2CC04D530048B5C4 /* chapter12ExercisesUITestsLaunchTests.swift */,
			);
			path = chapter12ExercisesUITests;
			sourceTree = "<group>";
		};
/* End PBXGroup section */

/* Begin PBXNativeTarget section */
		10EB44042CC04D520048B5C4 /* chapter12Exercises */ = {
			isa = PBXNativeTarget;
			buildConfigurationList = 10EB442F2CC04D530048B5C4 /* Build configuration list for PBXNativeTarget "chapter12Exercises" */;
			buildPhases = (
				10EB44012CC04D520048B5C4 /* Sources */,
				10EB44022CC04D520048B5C4 /* Frameworks */,
				10EB44032CC04D520048B5C4 /* Resources */,
			);
			buildRules = (
			);
			dependencies = (
			);
			name = chapter12Exercises;
			productName = chapter12Exercises;
			productReference = 10EB44052CC04D520048B5C4 /* chapter12Exercises.app */;
			productType = "com.apple.product-type.application";
		};
		10EB441A2CC04D530048B5C4 /* chapter12ExercisesTests */ = {
			isa = PBXNativeTarget;
			buildConfigurationList = 10EB44322CC04D530048B5C4 /* Build configuration list for PBXNativeTarget "chapter12ExercisesTests" */;
			buildPhases = (
				10EB44172CC04D530048B5C4 /* Sources */,
				10EB44182CC04D530048B5C4 /* Frameworks */,
				10EB44192CC04D530048B5C4 /* Resources */,
			);
			buildRules = (
			);
			dependencies = (
				10EB441D2CC04D530048B5C4 /* PBXTargetDependency */,
			);
			name = chapter12ExercisesTests;
			productName = chapter12ExercisesTests;
			productReference = 10EB441B2CC04D530048B5C4 /* chapter12ExercisesTests.xctest */;
			productType = "com.apple.product-type.bundle.unit-test";
		};
		10EB44242CC04D530048B5C4 /* chapter12ExercisesUITests */ = {
			isa = PBXNativeTarget;
			buildConfigurationList = 10EB44352CC04D530048B5C4 /* Build configuration list for PBXNativeTarget "chapter12ExercisesUITests" */;
			buildPhases = (
				10EB44212CC04D530048B5C4 /* Sources */,
				10EB44222CC04D530048B5C4 /* Frameworks */,
				10EB44232CC04D530048B5C4 /* Resources */,
			);
			buildRules = (
			);
			dependencies = (
				10EB44272CC04D530048B5C4 /* PBXTargetDependency */,
			);
			name = chapter12ExercisesUITests;
			productName = chapter12ExercisesUITests;
			productReference = 10EB44252CC04D530048B5C4 /* chapter12ExercisesUITests.xctest */;
			productType = "com.apple.product-type.bundle.ui-testing";
		};
/* End PBXNativeTarget section */

/* Begin PBXProject section */
		10EB43FD2CC04D520048B5C4 /* Project object */ = {
			isa = PBXProject;
			attributes = {
				BuildIndependentTargetsInParallel = 1;
				LastSwiftUpdateCheck = 1500;
				LastUpgradeCheck = 1500;
				TargetAttributes = {
					10EB44042CC04D520048B5C4 = {
						CreatedOnToolsVersion = 15.0;
					};
					10EB441A2CC04D530048B5C4 = {
						CreatedOnToolsVersion = 15.0;
						TestTargetID = 10EB44042CC04D520048B5C4;
					};
					10EB44242CC04D530048B5C4 = {
						CreatedOnToolsVersion = 15.0;
						TestTargetID = 10EB44042CC04D520048B5C4;
					};
				};
			};
			buildConfigurationList = 10EB44002CC04D520048B5C4 /* Build configuration list for PBXProject "chapter12Exercises" */;
			compatibilityVersion = "Xcode 14.0";
			developmentRegion = en;
			hasScannedForEncodings = 0;
			knownRegions = (
				en,
				Base,
			);
			mainGroup = 10EB43FC2CC04D520048B5C4;
			productRefGroup = 10EB44062CC04D520048B5C4 /* Products */;
			projectDirPath = "";
			projectRoot = "";
			targets = (
				10EB44042CC04D520048B5C4 /* chapter12Exercises */,
				10EB441A2CC04D530048B5C4 /* chapter12ExercisesTests */,
				10EB44242CC04D530048B5C4 /* chapter12ExercisesUITests */,
			);
		};
/* End PBXProject section */

/* Begin PBXResourcesBuildPhase section */
		10EB44032CC04D520048B5C4 /* Resources */ = {
			isa = PBXResourcesBuildPhase;
			buildActionMask = 2147483647;
			files = (
				10EB44152CC04D530048B5C4 /* LaunchScreen.storyboard in Resources */,
				10EB44122CC04D530048B5C4 /* Assets.xcassets in Resources */,
				10EB44102CC04D520048B5C4 /* Main.storyboard in Resources */,
			);
			runOnlyForDeploymentPostprocessing = 0;
		};
		10EB44192CC04D530048B5C4 /* Resources */ = {
			isa = PBXResourcesBuildPhase;
			buildActionMask = 2147483647;
			files = (
			);
			runOnlyForDeploymentPostprocessing = 0;
		};
		10EB44232CC04D530048B5C4 /* Resources */ = {
			isa = PBXResourcesBuildPhase;
			buildActionMask = 2147483647;
			files = (
			);
			runOnlyForDeploymentPostprocessing = 0;
		};
/* End PBXResourcesBuildPhase section */

/* Begin PBXSourcesBuildPhase section */
		10EB44012CC04D520048B5C4 /* Sources */ = {
			isa = PBXSourcesBuildPhase;
			buildActionMask = 2147483647;
			files = (
				10EB440D2CC04D520048B5C4 /* ViewController.swift in Sources */,
				10EB44092CC04D520048B5C4 /* AppDelegate.swift in Sources */,
				10EB440B2CC04D520048B5C4 /* SceneDelegate.swift in Sources */,
			);
			runOnlyForDeploymentPostprocessing = 0;
		};
		10EB44172CC04D530048B5C4 /* Sources */ = {
			isa = PBXSourcesBuildPhase;
			buildActionMask = 2147483647;
			files = (
				10EB44202CC04D530048B5C4 /* chapter12ExercisesTests.swift in Sources */,
			);
			runOnlyForDeploymentPostprocessing = 0;
		};
		10EB44212CC04D530048B5C4 /* Sources */ = {
			isa = PBXSourcesBuildPhase;
			buildActionMask = 2147483647;
			files = (
				10EB442A2CC04D530048B5C4 /* chapter12ExercisesUITests.swift in Sources */,
				10EB442C2CC04D530048B5C4 /* chapter12ExercisesUITestsLaunchTests.swift in Sources */,
			);
			runOnlyForDeploymentPostprocessing = 0;
		};
/* End PBXSourcesBuildPhase section */

/* Begin PBXTargetDependency section */
		10EB441D2CC04D530048B5C4 /* PBXTargetDependency */ = {
			isa = PBXTargetDependency;
			target = 10EB44042CC04D520048B5C4 /* chapter12Exercises */;
			targetProxy = 10EB441C2CC04D530048B5C4 /* PBXContainerItemProxy */;
		};
		10EB44272CC04D530048B5C4 /* PBXTargetDependency */ = {
			isa = PBXTargetDependency;
			target = 10EB44042CC04D520048B5C4 /* chapter12Exercises */;
			targetProxy = 10EB44262CC04D530048B5C4 /* PBXContainerItemProxy */;
		};
/* End PBXTargetDependency section */

/* Begin PBXVariantGroup section */
		10EB440E2CC04D520048B5C4 /* Main.storyboard */ = {
			isa = PBXVariantGroup;
			children = (
				10EB440F2CC04D520048B5C4 /* Base */,
			);
			name = Main.storyboard;
			sourceTree = "<group>";
		};
		10EB44132CC04D530048B5C4 /* LaunchScreen.storyboard */ = {
			isa = PBXVariantGroup;
			children = (
				10EB44142CC04D530048B5C4 /* Base */,
			);
			name = LaunchScreen.storyboard;
			sourceTree = "<group>";
		};
/* End PBXVariantGroup section */

/* Begin XCBuildConfiguration section */
		10EB442D2CC04D530048B5C4 /* Debug */ = {
			isa = XCBuildConfiguration;
			buildSettings = {
				ALWAYS_SEARCH_USER_PATHS = NO;
				ASSETCATALOG_COMPILER_GENERATE_SWIFT_ASSET_SYMBOL_EXTENSIONS = YES;
				CLANG_ANALYZER_NONNULL = YES;
				CLANG_ANALYZER_NUMBER_OBJECT_CONVERSION = YES_AGGRESSIVE;
				CLANG_CXX_LANGUAGE_STANDARD = "gnu++20";
				CLANG_ENABLE_MODULES = YES;
				CLANG_ENABLE_OBJC_ARC = YES;
				CLANG_ENABLE_OBJC_WEAK = YES;
				CLANG_WARN_BLOCK_CAPTURE_AUTORELEASING = YES;
				CLANG_WARN_BOOL_CONVERSION = YES;
				CLANG_WARN_COMMA = YES;
				CLANG_WARN_CONSTANT_CONVERSION = YES;
				CLANG_WARN_DEPRECATED_OBJC_IMPLEMENTATIONS = YES;
				CLANG_WARN_DIRECT_OBJC_ISA_USAGE = YES_ERROR;
				CLANG_WARN_DOCUMENTATION_COMMENTS = YES;
				CLANG_WARN_EMPTY_BODY = YES;
				CLANG_WARN_ENUM_CONVERSION = YES;
				CLANG_WARN_INFINITE_RECURSION = YES;
				CLANG_WARN_INT_CONVERSION = YES;
				CLANG_WARN_NON_LITERAL_NULL_CONVERSION = YES;
				CLANG_WARN_OBJC_IMPLICIT_RETAIN_SELF = YES;
				CLANG_WARN_OBJC_LITERAL_CONVERSION = YES;
				CLANG_WARN_OBJC_ROOT_CLASS = YES_ERROR;
				CLANG_WARN_QUOTED_INCLUDE_IN_FRAMEWORK_HEADER = YES;
				CLANG_WARN_RANGE_LOOP_ANALYSIS = YES;
				CLANG_WARN_STRICT_PROTOTYPES = YES;
				CLANG_WARN_SUSPICIOUS_MOVE = YES;
				CLANG_WARN_UNGUARDED_AVAILABILITY = YES_AGGRESSIVE;
				CLANG_WARN_UNREACHABLE_CODE = YES;
				CLANG_WARN__DUPLICATE_METHOD_MATCH = YES;
				COPY_PHASE_STRIP = NO;
				DEBUG_INFORMATION_FORMAT = dwarf;
				ENABLE_STRICT_OBJC_MSGSEND = YES;
				ENABLE_TESTABILITY = YES;
				ENABLE_USER_SCRIPT_SANDBOXING = YES;
				GCC_C_LANGUAGE_STANDARD = gnu17;
				GCC_DYNAMIC_NO_PIC = NO;
				GCC_NO_COMMON_BLOCKS = YES;
				GCC_OPTIMIZATION_LEVEL = 0;
				GCC_PREPROCESSOR_DEFINITIONS = (
					"DEBUG=1",
					"$(inherited)",
				);
				GCC_WARN_64_TO_32_BIT_CONVERSION = YES;
				GCC_WARN_ABOUT_RETURN_TYPE = YES_ERROR;
				GCC_WARN_UNDECLARED_SELECTOR = YES;
				GCC_WARN_UNINITIALIZED_AUTOS = YES_AGGRESSIVE;
				GCC_WARN_UNUSED_FUNCTION = YES;
				GCC_WARN_UNUSED_VARIABLE = YES;
				IPHONEOS_DEPLOYMENT_TARGET = 17.0;
				LOCALIZATION_PREFERS_STRING_CATALOGS = YES;
				MTL_ENABLE_DEBUG_INFO = INCLUDE_SOURCE;
				MTL_FAST_MATH = YES;
				ONLY_ACTIVE_ARCH = YES;
				SDKROOT = iphoneos;
				SWIFT_ACTIVE_COMPILATION_CONDITIONS = "DEBUG $(inherited)";
				SWIFT_OPTIMIZATION_LEVEL = "-Onone";
			};
			name = Debug;
		};
		10EB442E2CC04D530048B5C4 /* Release */ = {
			isa = XCBuildConfiguration;
			buildSettings = {
				ALWAYS_SEARCH_USER_PATHS = NO;
				ASSETCATALOG_COMPILER_GENERATE_SWIFT_ASSET_SYMBOL_EXTENSIONS = YES;
				CLANG_ANALYZER_NONNULL = YES;
				CLANG_ANALYZER_NUMBER_OBJECT_CONVERSION = YES_AGGRESSIVE;
				CLANG_CXX_LANGUAGE_STANDARD = "gnu++20";
				CLANG_ENABLE_MODULES = YES;
				CLANG_ENABLE_OBJC_ARC = YES;
				CLANG_ENABLE_OBJC_WEAK = YES;
				CLANG_WARN_BLOCK_CAPTURE_AUTORELEASING = YES;
				CLANG_WARN_BOOL_CONVERSION = YES;
				CLANG_WARN_COMMA = YES;
				CLANG_WARN_CONSTANT_CONVERSION = YES;
				CLANG_WARN_DEPRECATED_OBJC_IMPLEMENTATIONS = YES;
				CLANG_WARN_DIRECT_OBJC_ISA_USAGE = YES_ERROR;
				CLANG_WARN_DOCUMENTATION_COMMENTS = YES;
				CLANG_WARN_EMPTY_BODY = YES;
				CLANG_WARN_ENUM_CONVERSION = YES;
				CLANG_WARN_INFINITE_RECURSION = YES;
				CLANG_WARN_INT_CONVERSION = YES;
				CLANG_WARN_NON_LITERAL_NULL_CONVERSION = YES;
				CLANG_WARN_OBJC_IMPLICIT_RETAIN_SELF = YES;
				CLANG_WARN_OBJC_LITERAL_CONVERSION = YES;
				CLANG_WARN_OBJC_ROOT_CLASS = YES_ERROR;
				CLANG_WARN_QUOTED_INCLUDE_IN_FRAMEWORK_HEADER = YES;
				CLANG_WARN_RANGE_LOOP_ANALYSIS = YES;
				CLANG_WARN_STRICT_PROTOTYPES = YES;
				CLANG_WARN_SUSPICIOUS_MOVE = YES;
				CLANG_WARN_UNGUARDED_AVAILABILITY = YES_AGGRESSIVE;
				CLANG_WARN_UNREACHABLE_CODE = YES;
				CLANG_WARN__DUPLICATE_METHOD_MATCH = YES;
				COPY_PHASE_STRIP = NO;
				DEBUG_INFORMATION_FORMAT = "dwarf-with-dsym";
				ENABLE_NS_ASSERTIONS = NO;
				ENABLE_STRICT_OBJC_MSGSEND = YES;
				ENABLE_USER_SCRIPT_SANDBOXING = YES;
				GCC_C_LANGUAGE_STANDARD = gnu17;
				GCC_NO_COMMON_BLOCKS = YES;
				GCC_WARN_64_TO_32_BIT_CONVERSION = YES;
				GCC_WARN_ABOUT_RETURN_TYPE = YES_ERROR;
				GCC_WARN_UNDECLARED_SELECTOR = YES;
				GCC_WARN_UNINITIALIZED_AUTOS = YES_AGGRESSIVE;
				GCC_WARN_UNUSED_FUNCTION = YES;
				GCC_WARN_UNUSED_VARIABLE = YES;
				IPHONEOS_DEPLOYMENT_TARGET = 17.0;
				LOCALIZATION_PREFERS_STRING_CATALOGS = YES;
				MTL_ENABLE_DEBUG_INFO = NO;
				MTL_FAST_MATH = YES;
				SDKROOT = iphoneos;
				SWIFT_COMPILATION_MODE = wholemodule;
				VALIDATE_PRODUCT = YES;
			};
			name = Release;
		};
		10EB44302CC04D530048B5C4 /* Debug */ = {
			isa = XCBuildConfiguration;
			buildSettings = {
				ASSETCATALOG_COMPILER_APPICON_NAME = AppIcon;
				ASSETCATALOG_COMPILER_GLOBAL_ACCENT_COLOR_NAME = AccentColor;
				CODE_SIGN_STYLE = Automatic;
				CURRENT_PROJECT_VERSION = 1;
				GENERATE_INFOPLIST_FILE = YES;
				INFOPLIST_FILE = chapter12Exercises/Info.plist;
				INFOPLIST_KEY_UIApplicationSupportsIndirectInputEvents = YES;
				INFOPLIST_KEY_UILaunchStoryboardName = LaunchScreen;
				INFOPLIST_KEY_UIMainStoryboardFile = Main;
				INFOPLIST_KEY_UISupportedInterfaceOrientations_iPad = "UIInterfaceOrientationPortrait UIInterfaceOrientationPortraitUpsideDown UIInterfaceOrientationLandscapeLeft UIInterfaceOrientationLandscapeRight";
				INFOPLIST_KEY_UISupportedInterfaceOrientations_iPhone = "UIInterfaceOrientationPortrait UIInterfaceOrientationLandscapeLeft UIInterfaceOrientationLandscapeRight";
				LD_RUNPATH_SEARCH_PATHS = (
					"$(inherited)",
					"@executable_path/Frameworks",
				);
				MARKETING_VERSION = 1.0;
				PRODUCT_BUNDLE_IDENTIFIER = forFunAtHome.chapter12Exercises;
				PRODUCT_NAME = "$(TARGET_NAME)";
				SWIFT_EMIT_LOC_STRINGS = YES;
				SWIFT_VERSION = 5.0;
				TARGETED_DEVICE_FAMILY = "1,2";
			};
			name = Debug;
		};
		10EB44312CC04D530048B5C4 /* Release */ = {
			isa = XCBuildConfiguration;
			buildSettings = {
				ASSETCATALOG_COMPILER_APPICON_NAME = AppIcon;
				ASSETCATALOG_COMPILER_GLOBAL_ACCENT_COLOR_NAME = AccentColor;
				CODE_SIGN_STYLE = Automatic;
				CURRENT_PROJECT_VERSION = 1;
				GENERATE_INFOPLIST_FILE = YES;
				INFOPLIST_FILE = chapter12Exercises/Info.plist;
				INFOPLIST_KEY_UIApplicationSupportsIndirectInputEvents = YES;
				INFOPLIST_KEY_UILaunchStoryboardName = LaunchScreen;
				INFOPLIST_KEY_UIMainStoryboardFile = Main;
				INFOPLIST_KEY_UISupportedInterfaceOrientations_iPad = "UIInterfaceOrientationPortrait UIInterfaceOrientationPortraitUpsideDown UIInterfaceOrientationLandscapeLeft UIInterfaceOrientationLandscapeRight";
				INFOPLIST_KEY_UISupportedInterfaceOrientations_iPhone = "UIInterfaceOrientationPortrait UIInterfaceOrientationLandscapeLeft UIInterfaceOrientationLandscapeRight";
				LD_RUNPATH_SEARCH_PATHS = (
					"$(inherited)",
					"@executable_path/Frameworks",
				);
				MARKETING_VERSION = 1.0;
				PRODUCT_BUNDLE_IDENTIFIER = forFunAtHome.chapter12Exercises;
				PRODUCT_NAME = "$(TARGET_NAME)";
				SWIFT_EMIT_LOC_STRINGS = YES;
				SWIFT_VERSION = 5.0;
				TARGETED_DEVICE_FAMILY = "1,2";
			};
			name = Release;
		};
		10EB44332CC04D530048B5C4 /* Debug */ = {
			isa = XCBuildConfiguration;
			buildSettings = {
				ALWAYS_EMBED_SWIFT_STANDARD_LIBRARIES = YES;
				BUNDLE_LOADER = "$(TEST_HOST)";
				CODE_SIGN_STYLE = Automatic;
				CURRENT_PROJECT_VERSION = 1;
				GENERATE_INFOPLIST_FILE = YES;
				IPHONEOS_DEPLOYMENT_TARGET = 17.0;
				MARKETING_VERSION = 1.0;
				PRODUCT_BUNDLE_IDENTIFIER = forFunAtHome.chapter12ExercisesTests;
				PRODUCT_NAME = "$(TARGET_NAME)";
				SWIFT_EMIT_LOC_STRINGS = NO;
				SWIFT_VERSION = 5.0;
				TARGETED_DEVICE_FAMILY = "1,2";
				TEST_HOST = "$(BUILT_PRODUCTS_DIR)/chapter12Exercises.app/$(BUNDLE_EXECUTABLE_FOLDER_PATH)/chapter12Exercises";
			};
			name = Debug;
		};
		10EB44342CC04D530048B5C4 /* Release */ = {
			isa = XCBuildConfiguration;
			buildSettings = {
				ALWAYS_EMBED_SWIFT_STANDARD_LIBRARIES = YES;
				BUNDLE_LOADER = "$(TEST_HOST)";
				CODE_SIGN_STYLE = Automatic;
				CURRENT_PROJECT_VERSION = 1;
				GENERATE_INFOPLIST_FILE = YES;
				IPHONEOS_DEPLOYMENT_TARGET = 17.0;
				MARKETING_VERSION = 1.0;
				PRODUCT_BUNDLE_IDENTIFIER = forFunAtHome.chapter12ExercisesTests;
				PRODUCT_NAME = "$(TARGET_NAME)";
				SWIFT_EMIT_LOC_STRINGS = NO;
				SWIFT_VERSION = 5.0;
				TARGETED_DEVICE_FAMILY = "1,2";
				TEST_HOST = "$(BUILT_PRODUCTS_DIR)/chapter12Exercises.app/$(BUNDLE_EXECUTABLE_FOLDER_PATH)/chapter12Exercises";
			};
			name = Release;
		};
		10EB44362CC04D530048B5C4 /* Debug */ = {
			isa = XCBuildConfiguration;
			buildSettings = {
				ALWAYS_EMBED_SWIFT_STANDARD_LIBRARIES = YES;
				CODE_SIGN_STYLE = Automatic;
				CURRENT_PROJECT_VERSION = 1;
				GENERATE_INFOPLIST_FILE = YES;
				MARKETING_VERSION = 1.0;
				PRODUCT_BUNDLE_IDENTIFIER = forFunAtHome.chapter12ExercisesUITests;
				PRODUCT_NAME = "$(TARGET_NAME)";
				SWIFT_EMIT_LOC_STRINGS = NO;
				SWIFT_VERSION = 5.0;
				TARGETED_DEVICE_FAMILY = "1,2";
				TEST_TARGET_NAME = chapter12Exercises;
			};
			name = Debug;
		};
		10EB44372CC04D530048B5C4 /* Release */ = {
			isa = XCBuildConfiguration;
			buildSettings = {
				ALWAYS_EMBED_SWIFT_STANDARD_LIBRARIES = YES;
				CODE_SIGN_STYLE = Automatic;
				CURRENT_PROJECT_VERSION = 1;
				GENERATE_INFOPLIST_FILE = YES;
				MARKETING_VERSION = 1.0;
				PRODUCT_BUNDLE_IDENTIFIER = forFunAtHome.chapter12ExercisesUITests;
				PRODUCT_NAME = "$(TARGET_NAME)";
				SWIFT_EMIT_LOC_STRINGS = NO;
				SWIFT_VERSION = 5.0;
				TARGETED_DEVICE_FAMILY = "1,2";
				TEST_TARGET_NAME = chapter12Exercises;
			};
			name = Release;
		};
/* End XCBuildConfiguration section */

/* Begin XCConfigurationList section */
		10EB44002CC04D520048B5C4 /* Build configuration list for PBXProject "chapter12Exercises" */ = {
			isa = XCConfigurationList;
			buildConfigurations = (
				10EB442D2CC04D530048B5C4 /* Debug */,
				10EB442E2CC04D530048B5C4 /* Release */,
			);
			defaultConfigurationIsVisible = 0;
			defaultConfigurationName = Release;
		};
		10EB442F2CC04D530048B5C4 /* Build configuration list for PBXNativeTarget "chapter12Exercises" */ = {
			isa = XCConfigurationList;
			buildConfigurations = (
				10EB44302CC04D530048B5C4 /* Debug */,
				10EB44312CC04D530048B5C4 /* Release */,
			);
			defaultConfigurationIsVisible = 0;
			defaultConfigurationName = Release;
		};
		10EB44322CC04D530048B5C4 /* Build configuration list for PBXNativeTarget "chapter12ExercisesTests" */ = {
			isa = XCConfigurationList;
			buildConfigurations = (
				10EB44332CC04D530048B5C4 /* Debug */,
				10EB44342CC04D530048B5C4 /* Release */,
			);
			defaultConfigurationIsVisible = 0;
			defaultConfigurationName = Release;
		};
		10EB44352CC04D530048B5C4 /* Build configuration list for PBXNativeTarget "chapter12ExercisesUITests" */ = {
			isa = XCConfigurationList;
			buildConfigurations = (
				10EB44362CC04D530048B5C4 /* Debug */,
				10EB44372CC04D530048B5C4 /* Release */,
			);
			defaultConfigurationIsVisible = 0;
			defaultConfigurationName = Release;
		};
/* End XCConfigurationList section */
	};
	rootObject = 10EB43FD2CC04D520048B5C4 /* Project object */;
}
